
Microsoft Visual Studio Solution File, Format Version 12.00
# Visual Studio Version 16
VisualStudioVersion = 16.0.31729.503
MinimumVisualStudioVersion = 10.0.40219.1
Project("{FAE04EC0-301F-11D3-BF4B-00C04F79EFBC}") = "IdentityServer", "IdentityServer\IdentityServer.csproj", "{874E69E4-1B73-4610-9B39-0A01F4106E3C}"
EndProject
Project("{FAE04EC0-301F-11D3-BF4B-00C04F79EFBC}") = "API", "API\API.csproj", "{F95B7BC0-2F2C-44E0-B6D7-85A06404611C}"
EndProject
Project("{FAE04EC0-301F-11D3-BF4B-00C04F79EFBC}") = "MVCClient", "MVCClient\MVCClient.csproj", "{690981EA-89BB-4950-B931-C9EC22D043C9}"
EndProject
Global
	GlobalSection(SolutionConfigurationPlatforms) = preSolution
		Debug|Any CPU = Debug|Any CPU
		Release|Any CPU = Release|Any CPU
	EndGlobalSection
	GlobalSection(ProjectConfigurationPlatforms) = postSolution
		{874E69E4-1B73-4610-9B39-0A01F4106E3C}.Debug|Any CPU.ActiveCfg = Debug|Any CPU
		{874E69E4-1B73-4610-9B39-0A01F4106E3C}.Debug|Any CPU.Build.0 = Debug|Any CPU
		{874E69E4-1B73-4610-9B39-0A01F4106E3C}.Release|Any CPU.ActiveCfg = Release|Any CPU
		{874E69E4-1B73-4610-9B39-0A01F4106E3C}.Release|Any CPU.Build.0 = Release|Any CPU
		{F95B7BC0-2F2C-44E0-B6D7-85A06404611C}.Debug|Any CPU.ActiveCfg = Debug|Any CPU
		{F95B7BC0-2F2C-44E0-B6D7-85A06404611C}.Debug|Any CPU.Build.0 = Debug|Any CPU
		{F95B7BC0-2F2C-44E0-B6D7-85A06404611C}.Release|Any CPU.ActiveCfg = Release|Any CPU
		{F95B7BC0-2F2C-44E0-B6D7-85A06404611C}.Release|Any CPU.Build.0 = Release|Any CPU
		{690981EA-89BB-4950-B931-C9EC22D043C9}.Debug|Any CPU.ActiveCfg = Debug|Any CPU
		{690981EA-89BB-4950-B931-C9EC22D043C9}.Debug|Any CPU.Build.0 = Debug|Any CPU
		{690981EA-89BB-4950-B931-C9EC22D043C9}.Release|Any CPU.ActiveCfg = Release|Any CPU
		{690981EA-89BB-4950-B931-C9EC22D043C9}.Release|Any CPU.Build.0 = Release|Any CPU
	EndGlobalSection
	GlobalSection(SolutionProperties) = preSolution
		HideSolutionNode = FALSE
	EndGlobalSection
	GlobalSection(ExtensibilityGlobals) = postSolution
		SolutionGuid = {AD7583A4-18FF-443A-9CB2-14DD4757FFF6}
	EndGlobalSection
EndGlobal
